
Microsoft Visual Studio Solution File, Format Version 12.00
# Visual Studio Version 17
VisualStudioVersion = 17.2.32630.192
MinimumVisualStudioVersion = 10.0.40219.1
Project("{FAE04EC0-301F-11D3-BF4B-00C04F79EFBC}") = "TemplateMethod.App", "TemplateMethod.App\TemplateMethod.App.csproj", "{BB195856-5BC7-4481-9F82-37ECBB35301D}"
EndProject
Project("{FAE04EC0-301F-11D3-BF4B-00C04F79EFBC}") = "TemplateMethod.Lib", "TemplateMethod.Lib\TemplateMethod.Lib.csproj", "{59D3CB8A-C415-4C81-A64B-3B216AE87F42}"
EndProject
Global
	GlobalSection(SolutionConfigurationPlatforms) = preSolution
		Debug|Any CPU = Debug|Any CPU
		Release|Any CPU = Release|Any CPU
	EndGlobalSection
	GlobalSection(ProjectConfigurationPlatforms) = postSolution
		{BB195856-5BC7-4481-9F82-37ECBB35301D}.Debug|Any CPU.ActiveCfg = Debug|Any CPU
		{BB195856-5BC7-4481-9F82-37ECBB35301D}.Debug|Any CPU.Build.0 = Debug|Any CPU
		{BB195856-5BC7-4481-9F82-37ECBB35301D}.Release|Any CPU.ActiveCfg = Release|Any CPU
		{BB195856-5BC7-4481-9F82-37ECBB35301D}.Release|Any CPU.Build.0 = Release|Any CPU
		{59D3CB8A-C415-4C81-A64B-3B216AE87F42}.Debug|Any CPU.ActiveCfg = Debug|Any CPU
		{59D3CB8A-C415-4C81-A64B-3B216AE87F42}.Debug|Any CPU.Build.0 = Debug|Any CPU
		{59D3CB8A-C415-4C81-A64B-3B216AE87F42}.Release|Any CPU.ActiveCfg = Release|Any CPU
		{59D3CB8A-C415-4C81-A64B-3B216AE87F42}.Release|Any CPU.Build.0 = Release|Any CPU
	EndGlobalSection
	GlobalSection(SolutionProperties) = preSolution
		HideSolutionNode = FALSE
	EndGlobalSection
	GlobalSection(ExtensibilityGlobals) = postSolution
		SolutionGuid = {E1DED5F1-5EA6-42B8-9DE4-A920A57EA25C}
	EndGlobalSection
EndGlobal
