
Microsoft Visual Studio Solution File, Format Version 12.00
# Visual Studio Version 17
VisualStudioVersion = 17.2.32630.192
MinimumVisualStudioVersion = 10.0.40219.1
Project("{9A19103F-16F7-4668-BE54-9A1E7A4F7556}") = "Nasledovanie", "Nasledovanie\Nasledovanie.csproj", "{1DE7DA87-B5ED-4047-B9A4-7C4BF1A5E2A2}"
EndProject
Project("{9A19103F-16F7-4668-BE54-9A1E7A4F7556}") = "InterfaceApp", "InterfaceApp\InterfaceApp.csproj", "{F7AEC532-BED8-46A0-A3CA-05F2D6BFAB21}"
EndProject
Project("{9A19103F-16F7-4668-BE54-9A1E7A4F7556}") = "Association", "Association\Association.csproj", "{C9D30FBB-7612-4EF8-85DB-62E80C8DDD8C}"
EndProject
Project("{9A19103F-16F7-4668-BE54-9A1E7A4F7556}") = "Composition", "Composition\Composition.csproj", "{B188C912-0201-4BA0-8713-E55D1A6B5F48}"
EndProject
Project("{FAE04EC0-301F-11D3-BF4B-00C04F79EFBC}") = "Agregation", "Agregation\Agregation.csproj", "{99E4642F-E513-4AB9-902F-6E7AD9D43058}"
EndProject
Global
	GlobalSection(SolutionConfigurationPlatforms) = preSolution
		Debug|Any CPU = Debug|Any CPU
		Release|Any CPU = Release|Any CPU
	EndGlobalSection
	GlobalSection(ProjectConfigurationPlatforms) = postSolution
		{1DE7DA87-B5ED-4047-B9A4-7C4BF1A5E2A2}.Debug|Any CPU.ActiveCfg = Debug|Any CPU
		{1DE7DA87-B5ED-4047-B9A4-7C4BF1A5E2A2}.Debug|Any CPU.Build.0 = Debug|Any CPU
		{1DE7DA87-B5ED-4047-B9A4-7C4BF1A5E2A2}.Release|Any CPU.ActiveCfg = Release|Any CPU
		{1DE7DA87-B5ED-4047-B9A4-7C4BF1A5E2A2}.Release|Any CPU.Build.0 = Release|Any CPU
		{F7AEC532-BED8-46A0-A3CA-05F2D6BFAB21}.Debug|Any CPU.ActiveCfg = Debug|Any CPU
		{F7AEC532-BED8-46A0-A3CA-05F2D6BFAB21}.Debug|Any CPU.Build.0 = Debug|Any CPU
		{F7AEC532-BED8-46A0-A3CA-05F2D6BFAB21}.Release|Any CPU.ActiveCfg = Release|Any CPU
		{F7AEC532-BED8-46A0-A3CA-05F2D6BFAB21}.Release|Any CPU.Build.0 = Release|Any CPU
		{C9D30FBB-7612-4EF8-85DB-62E80C8DDD8C}.Debug|Any CPU.ActiveCfg = Debug|Any CPU
		{C9D30FBB-7612-4EF8-85DB-62E80C8DDD8C}.Debug|Any CPU.Build.0 = Debug|Any CPU
		{C9D30FBB-7612-4EF8-85DB-62E80C8DDD8C}.Release|Any CPU.ActiveCfg = Release|Any CPU
		{C9D30FBB-7612-4EF8-85DB-62E80C8DDD8C}.Release|Any CPU.Build.0 = Release|Any CPU
		{B188C912-0201-4BA0-8713-E55D1A6B5F48}.Debug|Any CPU.ActiveCfg = Debug|Any CPU
		{B188C912-0201-4BA0-8713-E55D1A6B5F48}.Debug|Any CPU.Build.0 = Debug|Any CPU
		{B188C912-0201-4BA0-8713-E55D1A6B5F48}.Release|Any CPU.ActiveCfg = Release|Any CPU
		{B188C912-0201-4BA0-8713-E55D1A6B5F48}.Release|Any CPU.Build.0 = Release|Any CPU
		{99E4642F-E513-4AB9-902F-6E7AD9D43058}.Debug|Any CPU.ActiveCfg = Debug|Any CPU
		{99E4642F-E513-4AB9-902F-6E7AD9D43058}.Debug|Any CPU.Build.0 = Debug|Any CPU
		{99E4642F-E513-4AB9-902F-6E7AD9D43058}.Release|Any CPU.ActiveCfg = Release|Any CPU
		{99E4642F-E513-4AB9-902F-6E7AD9D43058}.Release|Any CPU.Build.0 = Release|Any CPU
	EndGlobalSection
	GlobalSection(SolutionProperties) = preSolution
		HideSolutionNode = FALSE
	EndGlobalSection
	GlobalSection(ExtensibilityGlobals) = postSolution
		SolutionGuid = {F63E7A61-3CE9-40A9-9F49-E611CC89594D}
	EndGlobalSection
EndGlobal
